{
    "_readme": [
        "This file locks the dependencies of your project to a known state",
        "Read more about it at https://getcomposer.org/doc/01-basic-usage.md#installing-dependencies",
        "This file is @generated automatically"
    ],
    "content-hash": "264642ee50ccb872b98954cffddf6ca1",
    "packages": [
        {
            "name": "brunoggdev/hefestosphp-core",
            "version": "v1.3.2",
            "source": {
                "type": "git",
                "url": "https://github.com/brunoggdev/hefestosphp-composer-core.git",
                "reference": "f037e8ae4309a1003ac55ffa8e3fdba729f40ad4"
            },
            "dist": {
                "type": "zip",
                "url": "https://api.github.com/repos/brunoggdev/hefestosphp-composer-core/zipball/f037e8ae4309a1003ac55ffa8e3fdba729f40ad4",
                "reference": "f037e8ae4309a1003ac55ffa8e3fdba729f40ad4",
                "shasum": ""
            },
            "require": {
                "php": "^8.0"
            },
            "type": "project-core",
            "autoload": {
                "psr-4": {
                    "App\\": "app/",
                    "Hefestos\\": "src/system/"
                }
            },
            "notification-url": "https://packagist.org/downloads/",
            "license": [
                "MIT"
            ],
            "authors": [
                {
                    "name": "Bruno Gomes",
                    "email": "brunoggdev@gmail.com"
                }
            ],
            "description": "Core da versão composer HefestosPHP - Framework MVC em português",
            "homepage": "https://github.com/brunoggdev/hefestosphp",
            "keywords": [
                "framework",
                "hefestos",
                "mvc"
            ],
            "support": {
                "issues": "https://github.com/brunoggdev/hefestosphp-composer-core/issues",
                "source": "https://github.com/brunoggdev/hefestosphp-composer-core/tree/v1.3.2"
            },
            "time": "2025-04-08T22:19:26+00:00"
        }
    ],
    "packages-dev": [],
    "aliases": [],
    "minimum-stability": "stable",
    "stability-flags": {},
    "prefer-stable": false,
    "prefer-lowest": false,
    "platform": {},
    "platform-dev": {},
    "plugin-api-version": "2.6.0"
}
